
Microsoft Visual Studio Solution File, Format Version 12.00
# Visual Studio Version 16
VisualStudioVersion = 16.0.31624.102
MinimumVisualStudioVersion = 10.0.40219.1
Project("{FAE04EC0-301F-11D3-BF4B-00C04F79EFBC}") = "s", "s\s.csproj", "{0521A1B7-68BD-4BD5-8FBB-74C1A1ED7315}"
EndProject
Global
	GlobalSection(SolutionConfigurationPlatforms) = preSolution
		Debug|Any CPU = Debug|Any CPU
		Release|Any CPU = Release|Any CPU
	EndGlobalSection
	GlobalSection(ProjectConfigurationPlatforms) = postSolution
		{0521A1B7-68BD-4BD5-8FBB-74C1A1ED7315}.Debug|Any CPU.ActiveCfg = Debug|Any CPU
		{0521A1B7-68BD-4BD5-8FBB-74C1A1ED7315}.Debug|Any CPU.Build.0 = Debug|Any CPU
		{0521A1B7-68BD-4BD5-8FBB-74C1A1ED7315}.Release|Any CPU.ActiveCfg = Release|Any CPU
		{0521A1B7-68BD-4BD5-8FBB-74C1A1ED7315}.Release|Any CPU.Build.0 = Release|Any CPU
	EndGlobalSection
	GlobalSection(SolutionProperties) = preSolution
		HideSolutionNode = FALSE
	EndGlobalSection
	GlobalSection(ExtensibilityGlobals) = postSolution
		SolutionGuid = {50051E3A-CEEE-46E9-B9AB-B73C60C1F23C}
	EndGlobalSection
EndGlobal
